
Microsoft Visual Studio Solution File, Format Version 12.00
# Visual Studio Version 16
VisualStudioVersion = 16.0.31205.134
MinimumVisualStudioVersion = 10.0.40219.1
Project("{FAE04EC0-301F-11D3-BF4B-00C04F79EFBC}") = "Client", "Client\Client.csproj", "{9F907AF6-D70D-4905-BD82-2757BAB56AED}"
	ProjectSection(ProjectDependencies) = postProject
		{63CB6D62-1984-4507-BE08-4D1F2CB527C6} = {63CB6D62-1984-4507-BE08-4D1F2CB527C6}
		{93F03783-2C91-465A-9941-E7D6FFBD160A} = {93F03783-2C91-465A-9941-E7D6FFBD160A}
	EndProjectSection
EndProject
Project("{FAE04EC0-301F-11D3-BF4B-00C04F79EFBC}") = "Client.Tests", "ClientTest\Client.Tests.csproj", "{EB81E163-CB34-49F9-9820-9FDEE7897A51}"
EndProject
Project("{FAE04EC0-301F-11D3-BF4B-00C04F79EFBC}") = "ServerSide", "ServerSide\ServerSide.csproj", "{384F371C-2790-4E4F-8859-C66FF9FF03B8}"
	ProjectSection(ProjectDependencies) = postProject
		{93F03783-2C91-465A-9941-E7D6FFBD160A} = {93F03783-2C91-465A-9941-E7D6FFBD160A}
	EndProjectSection
EndProject
Project("{FAE04EC0-301F-11D3-BF4B-00C04F79EFBC}") = "ServerSide.Tests", "ServerSide.Tests\ServerSide.Tests.csproj", "{F691A56F-9891-4D84-9335-311340CBC842}"
EndProject
Project("{9A19103F-16F7-4668-BE54-9A1E7A4F7556}") = "WebApplication2", "WebApplication2\WebApplication2.csproj", "{63CB6D62-1984-4507-BE08-4D1F2CB527C6}"
EndProject
Project("{FAE04EC0-301F-11D3-BF4B-00C04F79EFBC}") = "Domain2", "Domain2\Domain2.csproj", "{93F03783-2C91-465A-9941-E7D6FFBD160A}"
EndProject
Global
	GlobalSection(SolutionConfigurationPlatforms) = preSolution
		Debug|Any CPU = Debug|Any CPU
		Debug|x64 = Debug|x64
		Release|Any CPU = Release|Any CPU
		Release|x64 = Release|x64
	EndGlobalSection
	GlobalSection(ProjectConfigurationPlatforms) = postSolution
		{9F907AF6-D70D-4905-BD82-2757BAB56AED}.Debug|Any CPU.ActiveCfg = Debug|Any CPU
		{9F907AF6-D70D-4905-BD82-2757BAB56AED}.Debug|Any CPU.Build.0 = Debug|Any CPU
		{9F907AF6-D70D-4905-BD82-2757BAB56AED}.Debug|x64.ActiveCfg = Debug|x64
		{9F907AF6-D70D-4905-BD82-2757BAB56AED}.Debug|x64.Build.0 = Debug|x64
		{9F907AF6-D70D-4905-BD82-2757BAB56AED}.Release|Any CPU.ActiveCfg = Release|Any CPU
		{9F907AF6-D70D-4905-BD82-2757BAB56AED}.Release|Any CPU.Build.0 = Release|Any CPU
		{9F907AF6-D70D-4905-BD82-2757BAB56AED}.Release|x64.ActiveCfg = Release|x64
		{9F907AF6-D70D-4905-BD82-2757BAB56AED}.Release|x64.Build.0 = Release|x64
		{EB81E163-CB34-49F9-9820-9FDEE7897A51}.Debug|Any CPU.ActiveCfg = Debug|Any CPU
		{EB81E163-CB34-49F9-9820-9FDEE7897A51}.Debug|Any CPU.Build.0 = Debug|Any CPU
		{EB81E163-CB34-49F9-9820-9FDEE7897A51}.Debug|x64.ActiveCfg = Debug|x64
		{EB81E163-CB34-49F9-9820-9FDEE7897A51}.Debug|x64.Build.0 = Debug|x64
		{EB81E163-CB34-49F9-9820-9FDEE7897A51}.Release|Any CPU.ActiveCfg = Release|Any CPU
		{EB81E163-CB34-49F9-9820-9FDEE7897A51}.Release|Any CPU.Build.0 = Release|Any CPU
		{EB81E163-CB34-49F9-9820-9FDEE7897A51}.Release|x64.ActiveCfg = Release|x64
		{EB81E163-CB34-49F9-9820-9FDEE7897A51}.Release|x64.Build.0 = Release|x64
		{384F371C-2790-4E4F-8859-C66FF9FF03B8}.Debug|Any CPU.ActiveCfg = Debug|Any CPU
		{384F371C-2790-4E4F-8859-C66FF9FF03B8}.Debug|Any CPU.Build.0 = Debug|Any CPU
		{384F371C-2790-4E4F-8859-C66FF9FF03B8}.Debug|x64.ActiveCfg = Debug|Any CPU
		{384F371C-2790-4E4F-8859-C66FF9FF03B8}.Debug|x64.Build.0 = Debug|Any CPU
		{384F371C-2790-4E4F-8859-C66FF9FF03B8}.Release|Any CPU.ActiveCfg = Release|Any CPU
		{384F371C-2790-4E4F-8859-C66FF9FF03B8}.Release|Any CPU.Build.0 = Release|Any CPU
		{384F371C-2790-4E4F-8859-C66FF9FF03B8}.Release|x64.ActiveCfg = Release|Any CPU
		{384F371C-2790-4E4F-8859-C66FF9FF03B8}.Release|x64.Build.0 = Release|Any CPU
		{F691A56F-9891-4D84-9335-311340CBC842}.Debug|Any CPU.ActiveCfg = Debug|Any CPU
		{F691A56F-9891-4D84-9335-311340CBC842}.Debug|Any CPU.Build.0 = Debug|Any CPU
		{F691A56F-9891-4D84-9335-311340CBC842}.Debug|x64.ActiveCfg = Debug|Any CPU
		{F691A56F-9891-4D84-9335-311340CBC842}.Debug|x64.Build.0 = Debug|Any CPU
		{F691A56F-9891-4D84-9335-311340CBC842}.Release|Any CPU.ActiveCfg = Release|Any CPU
		{F691A56F-9891-4D84-9335-311340CBC842}.Release|Any CPU.Build.0 = Release|Any CPU
		{F691A56F-9891-4D84-9335-311340CBC842}.Release|x64.ActiveCfg = Release|Any CPU
		{F691A56F-9891-4D84-9335-311340CBC842}.Release|x64.Build.0 = Release|Any CPU
		{63CB6D62-1984-4507-BE08-4D1F2CB527C6}.Debug|Any CPU.ActiveCfg = Debug|Any CPU
		{63CB6D62-1984-4507-BE08-4D1F2CB527C6}.Debug|Any CPU.Build.0 = Debug|Any CPU
		{63CB6D62-1984-4507-BE08-4D1F2CB527C6}.Debug|x64.ActiveCfg = Debug|Any CPU
		{63CB6D62-1984-4507-BE08-4D1F2CB527C6}.Debug|x64.Build.0 = Debug|Any CPU
		{63CB6D62-1984-4507-BE08-4D1F2CB527C6}.Release|Any CPU.ActiveCfg = Release|Any CPU
		{63CB6D62-1984-4507-BE08-4D1F2CB527C6}.Release|Any CPU.Build.0 = Release|Any CPU
		{63CB6D62-1984-4507-BE08-4D1F2CB527C6}.Release|x64.ActiveCfg = Release|Any CPU
		{63CB6D62-1984-4507-BE08-4D1F2CB527C6}.Release|x64.Build.0 = Release|Any CPU
		{93F03783-2C91-465A-9941-E7D6FFBD160A}.Debug|Any CPU.ActiveCfg = Debug|Any CPU
		{93F03783-2C91-465A-9941-E7D6FFBD160A}.Debug|Any CPU.Build.0 = Debug|Any CPU
		{93F03783-2C91-465A-9941-E7D6FFBD160A}.Debug|x64.ActiveCfg = Debug|Any CPU
		{93F03783-2C91-465A-9941-E7D6FFBD160A}.Debug|x64.Build.0 = Debug|Any CPU
		{93F03783-2C91-465A-9941-E7D6FFBD160A}.Release|Any CPU.ActiveCfg = Release|Any CPU
		{93F03783-2C91-465A-9941-E7D6FFBD160A}.Release|Any CPU.Build.0 = Release|Any CPU
		{93F03783-2C91-465A-9941-E7D6FFBD160A}.Release|x64.ActiveCfg = Release|Any CPU
		{93F03783-2C91-465A-9941-E7D6FFBD160A}.Release|x64.Build.0 = Release|Any CPU
	EndGlobalSection
	GlobalSection(SolutionProperties) = preSolution
		HideSolutionNode = FALSE
	EndGlobalSection
	GlobalSection(ExtensibilityGlobals) = postSolution
		SolutionGuid = {A005E457-70B4-45DF-BC3F-751AC288110E}
	EndGlobalSection
EndGlobal
